# THIS IS AN AUTOGENERATED FILE. DO NOT EDIT THIS FILE DIRECTLY.
# yarn lockfile v1


"@babel/runtime@^7.0.0-beta.40":
  version "7.0.0-beta.42"
  resolved "https://registry.yarnpkg.com/@babel/runtime/-/runtime-7.0.0-beta.42.tgz#352e40c92e0460d3e82f49bd7e79f6cda76f919f"
  dependencies:
    core-js "^2.5.3"
    regenerator-runtime "^0.11.1"

"@types/async@2.0.47":
  version "2.0.47"
  resolved "https://registry.yarnpkg.com/@types/async/-/async-2.0.47.tgz#f49ba1dd1f189486beb6e1d070a850f6ab4bd521"

"@types/node@^9.4.6":
  version "9.4.7"
  resolved "https://registry.yarnpkg.com/@types/node/-/node-9.4.7.tgz#57d81cd98719df2c9de118f2d5f3b1120dcd7275"

"@types/zen-observable@^0.5.3":
  version "0.5.3"
  resolved "https://registry.yarnpkg.com/@types/zen-observable/-/zen-observable-0.5.3.tgz#91b728599544efbb7386d8b6633693a3c2e7ade5"

ansi-escapes@^1.1.0:
  version "1.4.0"
  resolved "https://registry.yarnpkg.com/ansi-escapes/-/ansi-escapes-1.4.0.tgz#d3a8a83b319aa67793662b13e761c7911422306e"

ansi-regex@^2.0.0:
  version "2.1.1"
  resolved "https://registry.yarnpkg.com/ansi-regex/-/ansi-regex-2.1.1.tgz#c3b33ab5ee360d86e0e628f0468ae7ef27d654df"

ansi-regex@^3.0.0:
  version "3.0.0"
  resolved "https://registry.yarnpkg.com/ansi-regex/-/ansi-regex-3.0.0.tgz#ed0317c322064f79466c02966bddb605ab37d998"

ansi-styles@^2.2.1:
  version "2.2.1"
  resolved "https://registry.yarnpkg.com/ansi-styles/-/ansi-styles-2.2.1.tgz#b432dd3358b634cf75e1e4664368240533c1ddbe"

apollo-boost@^0.1.1:
  version "0.1.3"
  resolved "https://registry.yarnpkg.com/apollo-boost/-/apollo-boost-0.1.3.tgz#5f83af503e5482811867341d2e28cffd42da6bae"
  dependencies:
    apollo-cache-inmemory "^1.1.11"
    apollo-client "^2.2.7"
    apollo-link "^1.0.6"
    apollo-link-error "^1.0.3"
    apollo-link-http "^1.3.1"
    apollo-link-state "^0.4.0"
    graphql-tag "^2.4.2"

apollo-cache-inmemory@^1.1.11:
  version "1.1.11"
  resolved "https://registry.yarnpkg.com/apollo-cache-inmemory/-/apollo-cache-inmemory-1.1.11.tgz#2a96ad076f40575d622c4a45b1eeced18b2dc8ec"
  dependencies:
    apollo-cache "^1.1.6"
    apollo-utilities "^1.0.10"
    graphql-anywhere "^4.1.7"

apollo-cache@^1.1.6:
  version "1.1.6"
  resolved "https://registry.yarnpkg.com/apollo-cache/-/apollo-cache-1.1.6.tgz#b953488bcc8244e001b9ab9c8b362a1512e9203f"
  dependencies:
    apollo-utilities "^1.0.10"

apollo-client@^2.2.7:
  version "2.2.7"
  resolved "https://registry.yarnpkg.com/apollo-client/-/apollo-client-2.2.7.tgz#d5adbda81ef1f1c9c105ac71227ca8dc42b5731b"
  dependencies:
    "@types/zen-observable" "^0.5.3"
    apollo-cache "^1.1.6"
    apollo-link "^1.0.0"
    apollo-link-dedup "^1.0.0"
    apollo-utilities "^1.0.10"
    symbol-observable "^1.0.2"
    zen-observable "^0.7.0"
  optionalDependencies:
    "@types/async" "2.0.47"

apollo-link-dedup@^1.0.0:
  version "1.0.8"
  resolved "https://registry.yarnpkg.com/apollo-link-dedup/-/apollo-link-dedup-1.0.8.tgz#8c3028cf32557bd040ab6ba8856f38067bdacead"
  dependencies:
    apollo-link "^1.2.1"

apollo-link-error@^1.0.3:
  version "1.0.7"
  resolved "https://registry.yarnpkg.com/apollo-link-error/-/apollo-link-error-1.0.7.tgz#df6d7b13e9b73f9a615547b65ec9a4c930ca7f18"
  dependencies:
    apollo-link "^1.2.1"

apollo-link-http-common@^0.2.3:
  version "0.2.3"
  resolved "https://registry.yarnpkg.com/apollo-link-http-common/-/apollo-link-http-common-0.2.3.tgz#82ae0d4ff0cdd7c5c8826411d9dd7f7d8049ca46"
  dependencies:
    apollo-link "^1.2.1"

apollo-link-http@^1.3.1:
  version "1.5.3"
  resolved "https://registry.yarnpkg.com/apollo-link-http/-/apollo-link-http-1.5.3.tgz#3aa0d3ecfe5666ef0c360f359c425ff6ea1d285b"
  dependencies:
    apollo-link "^1.2.1"
    apollo-link-http-common "^0.2.3"

apollo-link-state@^0.4.0:
  version "0.4.1"
  resolved "https://registry.yarnpkg.com/apollo-link-state/-/apollo-link-state-0.4.1.tgz#65e9e0e12c67936b8c4b12b8438434f393104579"
  dependencies:
    apollo-utilities "^1.0.8"
    graphql-anywhere "^4.1.0-alpha.0"

apollo-link@^1.0.0, apollo-link@^1.0.6, apollo-link@^1.2.1:
  version "1.2.1"
  resolved "https://registry.yarnpkg.com/apollo-link/-/apollo-link-1.2.1.tgz#c120b16059f9bd93401b9f72b94d2f80f3f305d2"
  dependencies:
    "@types/node" "^9.4.6"
    apollo-utilities "^1.0.0"
    zen-observable-ts "^0.8.6"

apollo-utilities@^1.0.0, apollo-utilities@^1.0.10, apollo-utilities@^1.0.8:
  version "1.0.10"
  resolved "https://registry.yarnpkg.com/apollo-utilities/-/apollo-utilities-1.0.10.tgz#0c35696891d4fa28d76768e0f7249d63c6da08b9"

array-find-index@^1.0.2:
  version "1.0.2"
  resolved "https://registry.yarnpkg.com/array-find-index/-/array-find-index-1.0.2.tgz#df010aa1287e164bbda6f9723b0a96a1ec4187a1"

art@^0.10.1:
  version "0.10.1"
  resolved "https://registry.yarnpkg.com/art/-/art-0.10.1.tgz#38541883e399225c5e193ff246e8f157cf7b2146"

asap@~2.0.3:
  version "2.0.6"
  resolved "https://registry.yarnpkg.com/asap/-/asap-2.0.6.tgz#e50347611d7e690943208bbdafebcbc2fb866d46"

asn1.js@^4.0.0:
  version "4.10.1"
  resolved "https://registry.yarnpkg.com/asn1.js/-/asn1.js-4.10.1.tgz#b9c2bf5805f1e64aadeed6df3a2bfafb5a73f5a0"
  dependencies:
    bn.js "^4.0.0"
    inherits "^2.0.1"
    minimalistic-assert "^1.0.0"

assert@^1.4.1:
  version "1.4.1"
  resolved "https://registry.yarnpkg.com/assert/-/assert-1.4.1.tgz#99912d591836b5a6f5b345c0f07eefc08fc65d91"
  dependencies:
    util "0.10.3"

babel-polyfill@6.23.0:
  version "6.23.0"
  resolved "https://registry.yarnpkg.com/babel-polyfill/-/babel-polyfill-6.23.0.tgz#8364ca62df8eafb830499f699177466c3b03499d"
  dependencies:
    babel-runtime "^6.22.0"
    core-js "^2.4.0"
    regenerator-runtime "^0.10.0"

babel-runtime@^6.22.0, babel-runtime@^6.26.0:
  version "6.26.0"
  resolved "https://registry.yarnpkg.com/babel-runtime/-/babel-runtime-6.26.0.tgz#965c7058668e82b55d7bfe04ff2337bc8b5647fe"
  dependencies:
    core-js "^2.4.0"
    regenerator-runtime "^0.11.0"

base64-js@^1.0.2:
  version "1.2.3"
  resolved "https://registry.yarnpkg.com/base64-js/-/base64-js-1.2.3.tgz#fb13668233d9614cf5fb4bce95a9ba4096cdf801"

bn.js@^4.0.0, bn.js@^4.1.0, bn.js@^4.1.1, bn.js@^4.4.0:
  version "4.11.8"
  resolved "https://registry.yarnpkg.com/bn.js/-/bn.js-4.11.8.tgz#2cde09eb5ee341f484746bb0309b3253b1b1442f"

bowser@^1.7.3:
  version "1.9.3"
  resolved "https://registry.yarnpkg.com/bowser/-/bowser-1.9.3.tgz#6643ae4d783f31683f6d23156976b74183862162"

brorand@^1.0.1:
  version "1.1.0"
  resolved "https://registry.yarnpkg.com/brorand/-/brorand-1.1.0.tgz#12c25efe40a45e3c323eb8675a0a0ce57b22371f"

browserify-aes@^1.0.0, browserify-aes@^1.0.4:
  version "1.1.1"
  resolved "https://registry.yarnpkg.com/browserify-aes/-/browserify-aes-1.1.1.tgz#38b7ab55edb806ff2dcda1a7f1620773a477c49f"
  dependencies:
    buffer-xor "^1.0.3"
    cipher-base "^1.0.0"
    create-hash "^1.1.0"
    evp_bytestokey "^1.0.3"
    inherits "^2.0.1"
    safe-buffer "^5.0.1"

browserify-cipher@^1.0.0:
  version "1.0.0"
  resolved "https://registry.yarnpkg.com/browserify-cipher/-/browserify-cipher-1.0.0.tgz#9988244874bf5ed4e28da95666dcd66ac8fc363a"
  dependencies:
    browserify-aes "^1.0.4"
    browserify-des "^1.0.0"
    evp_bytestokey "^1.0.0"

browserify-des@^1.0.0:
  version "1.0.0"
  resolved "https://registry.yarnpkg.com/browserify-des/-/browserify-des-1.0.0.tgz#daa277717470922ed2fe18594118a175439721dd"
  dependencies:
    cipher-base "^1.0.1"
    des.js "^1.0.0"
    inherits "^2.0.1"

browserify-rsa@^4.0.0:
  version "4.0.1"
  resolved "https://registry.yarnpkg.com/browserify-rsa/-/browserify-rsa-4.0.1.tgz#21e0abfaf6f2029cf2fafb133567a701d4135524"
  dependencies:
    bn.js "^4.1.0"
    randombytes "^2.0.1"

browserify-sign@^4.0.0:
  version "4.0.4"
  resolved "https://registry.yarnpkg.com/browserify-sign/-/browserify-sign-4.0.4.tgz#aa4eb68e5d7b658baa6bf6a57e630cbd7a93d298"
  dependencies:
    bn.js "^4.1.1"
    browserify-rsa "^4.0.0"
    create-hash "^1.1.0"
    create-hmac "^1.1.2"
    elliptic "^6.0.0"
    inherits "^2.0.1"
    parse-asn1 "^5.0.0"

browserify-zlib@^0.1.4:
  version "0.1.4"
  resolved "https://registry.yarnpkg.com/browserify-zlib/-/browserify-zlib-0.1.4.tgz#bb35f8a519f600e0fa6b8485241c979d0141fb2d"
  dependencies:
    pako "~0.2.0"

buffer-xor@^1.0.3:
  version "1.0.3"
  resolved "https://registry.yarnpkg.com/buffer-xor/-/buffer-xor-1.0.3.tgz#26e61ed1422fb70dd42e6e36729ed51d855fe8d9"

buffer@^4.9.1:
  version "4.9.1"
  resolved "https://registry.yarnpkg.com/buffer/-/buffer-4.9.1.tgz#6d1bb601b07a4efced97094132093027c95bc298"
  dependencies:
    base64-js "^1.0.2"
    ieee754 "^1.1.4"
    isarray "^1.0.0"

buffer@^5.0.3:
  version "5.1.0"
  resolved "https://registry.yarnpkg.com/buffer/-/buffer-5.1.0.tgz#c913e43678c7cb7c8bd16afbcddb6c5505e8f9fe"
  dependencies:
    base64-js "^1.0.2"
    ieee754 "^1.1.4"

builtin-status-codes@^3.0.0:
  version "3.0.0"
  resolved "https://registry.yarnpkg.com/builtin-status-codes/-/builtin-status-codes-3.0.0.tgz#85982878e21b98e1c66425e03d0174788f569ee8"

chalk@1.1.3, chalk@^1.0.0:
  version "1.1.3"
  resolved "https://registry.yarnpkg.com/chalk/-/chalk-1.1.3.tgz#a8115c55e4a702fe4d150abd3872822a7e09fc98"
  dependencies:
    ansi-styles "^2.2.1"
    escape-string-regexp "^1.0.2"
    has-ansi "^2.0.0"
    strip-ansi "^3.0.0"
    supports-color "^2.0.0"

chardet@^0.4.0:
  version "0.4.2"
  resolved "https://registry.yarnpkg.com/chardet/-/chardet-0.4.2.tgz#b5473b33dc97c424e5d98dc87d55d4d8a29c8bf2"

cipher-base@^1.0.0, cipher-base@^1.0.1, cipher-base@^1.0.3:
  version "1.0.4"
  resolved "https://registry.yarnpkg.com/cipher-base/-/cipher-base-1.0.4.tgz#8760e4ecc272f4c363532f926d874aae2c1397de"
  dependencies:
    inherits "^2.0.1"
    safe-buffer "^5.0.1"

cli-cursor@^2.1.0:
  version "2.1.0"
  resolved "https://registry.yarnpkg.com/cli-cursor/-/cli-cursor-2.1.0.tgz#b35dac376479facc3e94747d41d0d0f5238ffcb5"
  dependencies:
    restore-cursor "^2.0.0"

cli-width@^2.0.0:
  version "2.2.0"
  resolved "https://registry.yarnpkg.com/cli-width/-/cli-width-2.2.0.tgz#ff19ede8a9a5e579324147b0c11f0fbcbabed639"

console-browserify@^1.1.0:
  version "1.1.0"
  resolved "https://registry.yarnpkg.com/console-browserify/-/console-browserify-1.1.0.tgz#f0241c45730a9fc6323b206dbf38edc741d0bb10"
  dependencies:
    date-now "^0.1.4"

constants-browserify@^1.0.0:
  version "1.0.0"
  resolved "https://registry.yarnpkg.com/constants-browserify/-/constants-browserify-1.0.0.tgz#c20b96d8c617748aaf1c16021760cd27fcb8cb75"

core-js@^1.0.0:
  version "1.2.7"
  resolved "https://registry.yarnpkg.com/core-js/-/core-js-1.2.7.tgz#652294c14651db28fa93bd2d5ff2983a4f08c636"

core-js@^2.4.0, core-js@^2.5.3:
  version "2.5.3"
  resolved "https://registry.yarnpkg.com/core-js/-/core-js-2.5.3.tgz#8acc38345824f16d8365b7c9b4259168e8ed603e"

create-ecdh@^4.0.0:
  version "4.0.0"
  resolved "https://registry.yarnpkg.com/create-ecdh/-/create-ecdh-4.0.0.tgz#888c723596cdf7612f6498233eebd7a35301737d"
  dependencies:
    bn.js "^4.1.0"
    elliptic "^6.0.0"

create-hash@^1.1.0, create-hash@^1.1.2:
  version "1.1.3"
  resolved "https://registry.yarnpkg.com/create-hash/-/create-hash-1.1.3.tgz#606042ac8b9262750f483caddab0f5819172d8fd"
  dependencies:
    cipher-base "^1.0.1"
    inherits "^2.0.1"
    ripemd160 "^2.0.0"
    sha.js "^2.4.0"

create-hmac@^1.1.0, create-hmac@^1.1.2, create-hmac@^1.1.4:
  version "1.1.6"
  resolved "https://registry.yarnpkg.com/create-hmac/-/create-hmac-1.1.6.tgz#acb9e221a4e17bdb076e90657c42b93e3726cf06"
  dependencies:
    cipher-base "^1.0.3"
    create-hash "^1.1.0"
    inherits "^2.0.1"
    ripemd160 "^2.0.0"
    safe-buffer "^5.0.1"
    sha.js "^2.4.8"

create-react-class@^15.6.2:
  version "15.6.3"
  resolved "https://registry.yarnpkg.com/create-react-class/-/create-react-class-15.6.3.tgz#2d73237fb3f970ae6ebe011a9e66f46dbca80036"
  dependencies:
    fbjs "^0.8.9"
    loose-envify "^1.3.1"
    object-assign "^4.1.1"

crypto-browserify@^3.11.0:
  version "3.12.0"
  resolved "https://registry.yarnpkg.com/crypto-browserify/-/crypto-browserify-3.12.0.tgz#396cf9f3137f03e4b8e532c58f698254e00f80ec"
  dependencies:
    browserify-cipher "^1.0.0"
    browserify-sign "^4.0.0"
    create-ecdh "^4.0.0"
    create-hash "^1.1.0"
    create-hmac "^1.1.0"
    diffie-hellman "^5.0.0"
    inherits "^2.0.1"
    pbkdf2 "^3.0.3"
    public-encrypt "^4.0.0"
    randombytes "^2.0.0"
    randomfill "^1.0.3"

css-color-keywords@^1.0.0:
  version "1.0.0"
  resolved "https://registry.yarnpkg.com/css-color-keywords/-/css-color-keywords-1.0.0.tgz#fea2616dc676b2962686b3af8dbdbe180b244e05"

css-in-js-utils@^2.0.0:
  version "2.0.0"
  resolved "https://registry.yarnpkg.com/css-in-js-utils/-/css-in-js-utils-2.0.0.tgz#5af1dd70f4b06b331f48d22a3d86e0786c0b9435"
  dependencies:
    hyphenate-style-name "^1.0.2"

css-to-react-native@^2.0.3:
  version "2.1.2"
  resolved "https://registry.yarnpkg.com/css-to-react-native/-/css-to-react-native-2.1.2.tgz#c06d628467ef961c85ec358a90f3c87469fb0095"
  dependencies:
    css-color-keywords "^1.0.0"
    fbjs "^0.8.5"
    postcss-value-parser "^3.3.0"

date-now@^0.1.4:
  version "0.1.4"
  resolved "https://registry.yarnpkg.com/date-now/-/date-now-0.1.4.tgz#eaf439fd4d4848ad74e5cc7dbef200672b9e345b"

debounce@^1.1.0:
  version "1.1.0"
  resolved "https://registry.yarnpkg.com/debounce/-/debounce-1.1.0.tgz#6a1a4ee2a9dc4b7c24bb012558dbcdb05b37f408"

deep-assign@^2.0.0:
  version "2.0.0"
  resolved "https://registry.yarnpkg.com/deep-assign/-/deep-assign-2.0.0.tgz#ebe06b1f07f08dae597620e3dd1622f371a1c572"
  dependencies:
    is-obj "^1.0.0"

des.js@^1.0.0:
  version "1.0.0"
  resolved "https://registry.yarnpkg.com/des.js/-/des.js-1.0.0.tgz#c074d2e2aa6a8a9a07dbd61f9a15c2cd83ec8ecc"
  dependencies:
    inherits "^2.0.1"
    minimalistic-assert "^1.0.0"

diffie-hellman@^5.0.0:
  version "5.0.2"
  resolved "https://registry.yarnpkg.com/diffie-hellman/-/diffie-hellman-5.0.2.tgz#b5835739270cfe26acf632099fded2a07f209e5e"
  dependencies:
    bn.js "^4.1.0"
    miller-rabin "^4.0.0"
    randombytes "^2.0.0"

domain-browser@^1.1.7:
  version "1.2.0"
  resolved "https://registry.yarnpkg.com/domain-browser/-/domain-browser-1.2.0.tgz#3d31f50191a6749dd1375a7f522e823d42e54eda"

elliptic@^6.0.0:
  version "6.4.0"
  resolved "https://registry.yarnpkg.com/elliptic/-/elliptic-6.4.0.tgz#cac9af8762c85836187003c8dfe193e5e2eae5df"
  dependencies:
    bn.js "^4.4.0"
    brorand "^1.0.1"
    hash.js "^1.0.0"
    hmac-drbg "^1.0.0"
    inherits "^2.0.1"
    minimalistic-assert "^1.0.0"
    minimalistic-crypto-utils "^1.0.0"

encoding@^0.1.11:
  version "0.1.12"
  resolved "https://registry.yarnpkg.com/encoding/-/encoding-0.1.12.tgz#538b66f3ee62cd1ab51ec323829d1f9480c74beb"
  dependencies:
    iconv-lite "~0.4.13"

escape-string-regexp@^1.0.2, escape-string-regexp@^1.0.5:
  version "1.0.5"
  resolved "https://registry.yarnpkg.com/escape-string-regexp/-/escape-string-regexp-1.0.5.tgz#1b61c0562190a8dff6ae3bb2cf0200ca130b86d4"

events@^1.1.1:
  version "1.1.1"
  resolved "https://registry.yarnpkg.com/events/-/events-1.1.1.tgz#9ebdb7635ad099c70dcc4c2a1f5004288e8bd924"

evp_bytestokey@^1.0.0, evp_bytestokey@^1.0.3:
  version "1.0.3"
  resolved "https://registry.yarnpkg.com/evp_bytestokey/-/evp_bytestokey-1.0.3.tgz#7fcbdb198dc71959432efe13842684e0525acb02"
  dependencies:
    md5.js "^1.3.4"
    safe-buffer "^5.1.1"

external-editor@^2.0.1:
  version "2.1.0"
  resolved "https://registry.yarnpkg.com/external-editor/-/external-editor-2.1.0.tgz#3d026a21b7f95b5726387d4200ac160d372c3b48"
  dependencies:
    chardet "^0.4.0"
    iconv-lite "^0.4.17"
    tmp "^0.0.33"

fbjs@^0.8.16, fbjs@^0.8.5, fbjs@^0.8.9:
  version "0.8.16"
  resolved "https://registry.yarnpkg.com/fbjs/-/fbjs-0.8.16.tgz#5e67432f550dc41b572bf55847b8aca64e5337db"
  dependencies:
    core-js "^1.0.0"
    isomorphic-fetch "^2.1.1"
    loose-envify "^1.0.0"
    object-assign "^4.1.0"
    promise "^7.1.1"
    setimmediate "^1.0.5"
    ua-parser-js "^0.7.9"

figures@^2.0.0:
  version "2.0.0"
  resolved "https://registry.yarnpkg.com/figures/-/figures-2.0.0.tgz#3ab1a2d2a62c8bfb431a0c94cb797a2fce27c962"
  dependencies:
    escape-string-regexp "^1.0.5"

graphql-anywhere@^4.1.0-alpha.0, graphql-anywhere@^4.1.7:
  version "4.1.7"
  resolved "https://registry.yarnpkg.com/graphql-anywhere/-/graphql-anywhere-4.1.7.tgz#cbb9106905bcc25bc0e8390548a97f8b154d3f9b"
  dependencies:
    apollo-utilities "^1.0.10"

graphql-tag@^2.4.2:
  version "2.8.0"
  resolved "https://registry.yarnpkg.com/graphql-tag/-/graphql-tag-2.8.0.tgz#52cdea07a842154ec11a2e840c11b977f9b835ce"

graphql@^0.13.1:
  version "0.13.2"
  resolved "https://registry.yarnpkg.com/graphql/-/graphql-0.13.2.tgz#4c740ae3c222823e7004096f832e7b93b2108270"
  dependencies:
    iterall "^1.2.1"

has-ansi@^2.0.0:
  version "2.0.0"
  resolved "https://registry.yarnpkg.com/has-ansi/-/has-ansi-2.0.0.tgz#34f5049ce1ecdf2b0649af3ef24e45ed35416d91"
  dependencies:
    ansi-regex "^2.0.0"

has-flag@^1.0.0:
  version "1.0.0"
  resolved "https://registry.yarnpkg.com/has-flag/-/has-flag-1.0.0.tgz#9d9e793165ce017a00f00418c43f942a7b1d11fa"

hash-base@^2.0.0:
  version "2.0.2"
  resolved "https://registry.yarnpkg.com/hash-base/-/hash-base-2.0.2.tgz#66ea1d856db4e8a5470cadf6fce23ae5244ef2e1"
  dependencies:
    inherits "^2.0.1"

hash-base@^3.0.0:
  version "3.0.4"
  resolved "https://registry.yarnpkg.com/hash-base/-/hash-base-3.0.4.tgz#5fc8686847ecd73499403319a6b0a3f3f6ae4918"
  dependencies:
    inherits "^2.0.1"
    safe-buffer "^5.0.1"

hash.js@^1.0.0, hash.js@^1.0.3:
  version "1.1.3"
  resolved "https://registry.yarnpkg.com/hash.js/-/hash.js-1.1.3.tgz#340dedbe6290187151c1ea1d777a3448935df846"
  dependencies:
    inherits "^2.0.3"
    minimalistic-assert "^1.0.0"

history@^4.7.2:
  version "4.7.2"
  resolved "https://registry.yarnpkg.com/history/-/history-4.7.2.tgz#22b5c7f31633c5b8021c7f4a8a954ac139ee8d5b"
  dependencies:
    invariant "^2.2.1"
    loose-envify "^1.2.0"
    resolve-pathname "^2.2.0"
    value-equal "^0.4.0"
    warning "^3.0.0"

hmac-drbg@^1.0.0:
  version "1.0.1"
  resolved "https://registry.yarnpkg.com/hmac-drbg/-/hmac-drbg-1.0.1.tgz#d2745701025a6c775a6c545793ed502fc0c649a1"
  dependencies:
    hash.js "^1.0.3"
    minimalistic-assert "^1.0.0"
    minimalistic-crypto-utils "^1.0.1"

hoist-non-react-statics@^1.2.0:
  version "1.2.0"
  resolved "https://registry.yarnpkg.com/hoist-non-react-statics/-/hoist-non-react-statics-1.2.0.tgz#aa448cf0986d55cc40773b17174b7dd066cb7cfb"

hoist-non-react-statics@^2.3.0, hoist-non-react-statics@^2.3.1:
  version "2.5.0"
  resolved "https://registry.yarnpkg.com/hoist-non-react-statics/-/hoist-non-react-statics-2.5.0.tgz#d2ca2dfc19c5a91c5a6615ce8e564ef0347e2a40"

https-browserify@0.0.1:
  version "0.0.1"
  resolved "https://registry.yarnpkg.com/https-browserify/-/https-browserify-0.0.1.tgz#3f91365cabe60b77ed0ebba24b454e3e09d95a82"

hyphenate-style-name@^1.0.2:
  version "1.0.2"
  resolved "https://registry.yarnpkg.com/hyphenate-style-name/-/hyphenate-style-name-1.0.2.tgz#31160a36930adaf1fc04c6074f7eb41465d4ec4b"

iconv-lite@^0.4.17, iconv-lite@~0.4.13:
  version "0.4.19"
  resolved "https://registry.yarnpkg.com/iconv-lite/-/iconv-lite-0.4.19.tgz#f7468f60135f5e5dad3399c0a81be9a1603a082b"

ieee754@^1.1.4:
  version "1.1.10"
  resolved "https://registry.yarnpkg.com/ieee754/-/ieee754-1.1.10.tgz#719a6f7b026831e64bdb838b0de1bb0029bbf716"

indexof@0.0.1:
  version "0.0.1"
  resolved "https://registry.yarnpkg.com/indexof/-/indexof-0.0.1.tgz#82dc336d232b9062179d05ab3293a66059fd435d"

inherits@2.0.1:
  version "2.0.1"
  resolved "https://registry.yarnpkg.com/inherits/-/inherits-2.0.1.tgz#b17d08d326b4423e568eff719f91b0b1cbdf69f1"

inherits@^2.0.1, inherits@^2.0.3, inherits@~2.0.1, inherits@~2.0.3:
  version "2.0.3"
  resolved "https://registry.yarnpkg.com/inherits/-/inherits-2.0.3.tgz#633c2c83e3da42a502f52466022480f4208261de"

inline-style-prefixer@^4.0.0:
  version "4.0.0"
  resolved "https://registry.yarnpkg.com/inline-style-prefixer/-/inline-style-prefixer-4.0.0.tgz#30a03df1b346ba6b1fb8a812bc3c9dabef48022d"
  dependencies:
    bowser "^1.7.3"
    css-in-js-utils "^2.0.0"

inquirer@3.0.6:
  version "3.0.6"
  resolved "https://registry.yarnpkg.com/inquirer/-/inquirer-3.0.6.tgz#e04aaa9d05b7a3cb9b0f407d04375f0447190347"
  dependencies:
    ansi-escapes "^1.1.0"
    chalk "^1.0.0"
    cli-cursor "^2.1.0"
    cli-width "^2.0.0"
    external-editor "^2.0.1"
    figures "^2.0.0"
    lodash "^4.3.0"
    mute-stream "0.0.7"
    run-async "^2.2.0"
    rx "^4.1.0"
    string-width "^2.0.0"
    strip-ansi "^3.0.0"
    through "^2.3.6"

invariant@^2.2.1, invariant@^2.2.2:
  version "2.2.4"
  resolved "https://registry.yarnpkg.com/invariant/-/invariant-2.2.4.tgz#610f3c92c9359ce1db616e538008d23ff35158e6"
  dependencies:
    loose-envify "^1.0.0"

is-fullwidth-code-point@^2.0.0:
  version "2.0.0"
  resolved "https://registry.yarnpkg.com/is-fullwidth-code-point/-/is-fullwidth-code-point-2.0.0.tgz#a3b30a5c4f199183167aaab93beefae3ddfb654f"

is-obj@^1.0.0:
  version "1.0.1"
  resolved "https://registry.yarnpkg.com/is-obj/-/is-obj-1.0.1.tgz#3e4729ac1f5fde025cd7d83a896dab9f4f67db0f"

is-plain-object@^2.0.1:
  version "2.0.4"
  resolved "https://registry.yarnpkg.com/is-plain-object/-/is-plain-object-2.0.4.tgz#2c163b3fafb1b606d9d17928f05c2a1c38e07677"
  dependencies:
    isobject "^3.0.1"

is-promise@^2.1.0:
  version "2.1.0"
  resolved "https://registry.yarnpkg.com/is-promise/-/is-promise-2.1.0.tgz#79a2a9ece7f096e80f36d2b2f3bc16c1ff4bf3fa"

is-stream@^1.0.1:
  version "1.1.0"
  resolved "https://registry.yarnpkg.com/is-stream/-/is-stream-1.1.0.tgz#12d4a3dd4e68e0b79ceb8dbc84173ae80d91ca44"

isarray@0.0.1:
  version "0.0.1"
  resolved "https://registry.yarnpkg.com/isarray/-/isarray-0.0.1.tgz#8a18acfca9a8f4177e09abfc6038939b05d1eedf"

isarray@^1.0.0, isarray@~1.0.0:
  version "1.0.0"
  resolved "https://registry.yarnpkg.com/isarray/-/isarray-1.0.0.tgz#bb935d48582cba168c06834957a54a3e07124f11"

isobject@^3.0.1:
  version "3.0.1"
  resolved "https://registry.yarnpkg.com/isobject/-/isobject-3.0.1.tgz#4e431e92b11a9731636aa1f9c8d1ccbcfdab78df"

isomorphic-fetch@^2.1.1:
  version "2.2.1"
  resolved "https://registry.yarnpkg.com/isomorphic-fetch/-/isomorphic-fetch-2.2.1.tgz#611ae1acf14f5e81f729507472819fe9733558a9"
  dependencies:
    node-fetch "^1.0.1"
    whatwg-fetch ">=0.10.0"

iterall@^1.2.1:
  version "1.2.2"
  resolved "https://registry.yarnpkg.com/iterall/-/iterall-1.2.2.tgz#92d70deb8028e0c39ff3164fdbf4d8b088130cd7"

js-tokens@^3.0.0:
  version "3.0.2"
  resolved "https://registry.yarnpkg.com/js-tokens/-/js-tokens-3.0.2.tgz#9866df395102130e38f7f996bceb65443209c25b"

lodash@4.17.5, lodash@^4.17.5, lodash@^4.3.0:
  version "4.17.5"
  resolved "https://registry.yarnpkg.com/lodash/-/lodash-4.17.5.tgz#99a92d65c0272debe8c96b6057bc8fbfa3bed511"

loose-envify@^1.0.0, loose-envify@^1.1.0, loose-envify@^1.2.0, loose-envify@^1.3.1:
  version "1.3.1"
  resolved "https://registry.yarnpkg.com/loose-envify/-/loose-envify-1.3.1.tgz#d1a8ad33fa9ce0e713d65fdd0ac8b748d478c848"
  dependencies:
    js-tokens "^3.0.0"

md5.js@^1.3.4:
  version "1.3.4"
  resolved "https://registry.yarnpkg.com/md5.js/-/md5.js-1.3.4.tgz#e9bdbde94a20a5ac18b04340fc5764d5b09d901d"
  dependencies:
    hash-base "^3.0.0"
    inherits "^2.0.1"

meteor-node-stubs@^0.3.2:
  version "0.3.3"
  resolved "https://registry.yarnpkg.com/meteor-node-stubs/-/meteor-node-stubs-0.3.3.tgz#4037ec464573642b0efee3961a649a4818f796db"
  dependencies:
    assert "^1.4.1"
    browserify-zlib "^0.1.4"
    buffer "^4.9.1"
    console-browserify "^1.1.0"
    constants-browserify "^1.0.0"
    crypto-browserify "^3.11.0"
    domain-browser "^1.1.7"
    events "^1.1.1"
    https-browserify "0.0.1"
    os-browserify "^0.2.1"
    path-browserify "0.0.0"
    process "^0.11.9"
    punycode "^1.4.1"
    querystring-es3 "^0.2.1"
    readable-stream "git+https://github.com/meteor/readable-stream.git"
    stream-browserify "^2.0.1"
    stream-http "^2.8.0"
    string_decoder "^1.1.0"
    timers-browserify "^1.4.2"
    tty-browserify "0.0.0"
    url "^0.11.0"
    util "^0.10.3"
    vm-browserify "0.0.4"

miller-rabin@^4.0.0:
  version "4.0.1"
  resolved "https://registry.yarnpkg.com/miller-rabin/-/miller-rabin-4.0.1.tgz#f080351c865b0dc562a8462966daa53543c78a4d"
  dependencies:
    bn.js "^4.0.0"
    brorand "^1.0.1"

mimic-fn@^1.0.0:
  version "1.2.0"
  resolved "https://registry.yarnpkg.com/mimic-fn/-/mimic-fn-1.2.0.tgz#820c86a39334640e99516928bd03fca88057d022"

minimalistic-assert@^1.0.0:
  version "1.0.0"
  resolved "https://registry.yarnpkg.com/minimalistic-assert/-/minimalistic-assert-1.0.0.tgz#702be2dda6b37f4836bcb3f5db56641b64a1d3d3"

minimalistic-crypto-utils@^1.0.0, minimalistic-crypto-utils@^1.0.1:
  version "1.0.1"
  resolved "https://registry.yarnpkg.com/minimalistic-crypto-utils/-/minimalistic-crypto-utils-1.0.1.tgz#f6c00c1c0b082246e5c4d99dfb8c7c083b2b582a"

minimist@1.2.0:
  version "1.2.0"
  resolved "https://registry.yarnpkg.com/minimist/-/minimist-1.2.0.tgz#a35008b20f41383eec1fb914f4cd5df79a264284"

mute-stream@0.0.7:
  version "0.0.7"
  resolved "https://registry.yarnpkg.com/mute-stream/-/mute-stream-0.0.7.tgz#3075ce93bc21b8fab43e1bc4da7e8115ed1e7bab"

node-fetch@1.6.3:
  version "1.6.3"
  resolved "https://registry.yarnpkg.com/node-fetch/-/node-fetch-1.6.3.tgz#dc234edd6489982d58e8f0db4f695029abcd8c04"
  dependencies:
    encoding "^0.1.11"
    is-stream "^1.0.1"

node-fetch@^1.0.1:
  version "1.7.3"
  resolved "https://registry.yarnpkg.com/node-fetch/-/node-fetch-1.7.3.tgz#980f6f72d85211a5347c6b2bc18c5b84c3eb47ef"
  dependencies:
    encoding "^0.1.11"
    is-stream "^1.0.1"

normalize-css-color@^1.0.2:
  version "1.0.2"
  resolved "https://registry.yarnpkg.com/normalize-css-color/-/normalize-css-color-1.0.2.tgz#02991e97cccec6623fe573afbbf0de6a1f3e9f8d"

object-assign@^4.0.1, object-assign@^4.1.0, object-assign@^4.1.1:
  version "4.1.1"
  resolved "https://registry.yarnpkg.com/object-assign/-/object-assign-4.1.1.tgz#2109adc7965887cfc05cbbd442cac8bfbb360863"

onetime@^2.0.0:
  version "2.0.1"
  resolved "https://registry.yarnpkg.com/onetime/-/onetime-2.0.1.tgz#067428230fd67443b2794b22bba528b6867962d4"
  dependencies:
    mimic-fn "^1.0.0"

opencollective@^1.0.3:
  version "1.0.3"
  resolved "https://registry.yarnpkg.com/opencollective/-/opencollective-1.0.3.tgz#aee6372bc28144583690c3ca8daecfc120dd0ef1"
  dependencies:
    babel-polyfill "6.23.0"
    chalk "1.1.3"
    inquirer "3.0.6"
    minimist "1.2.0"
    node-fetch "1.6.3"
    opn "4.0.2"

opn@4.0.2:
  version "4.0.2"
  resolved "https://registry.yarnpkg.com/opn/-/opn-4.0.2.tgz#7abc22e644dff63b0a96d5ab7f2790c0f01abc95"
  dependencies:
    object-assign "^4.0.1"
    pinkie-promise "^2.0.0"

os-browserify@^0.2.1:
  version "0.2.1"
  resolved "https://registry.yarnpkg.com/os-browserify/-/os-browserify-0.2.1.tgz#63fc4ccee5d2d7763d26bbf8601078e6c2e0044f"

os-tmpdir@~1.0.2:
  version "1.0.2"
  resolved "https://registry.yarnpkg.com/os-tmpdir/-/os-tmpdir-1.0.2.tgz#bbe67406c79aa85c5cfec766fe5734555dfa1274"

pako@~0.2.0:
  version "0.2.9"
  resolved "https://registry.yarnpkg.com/pako/-/pako-0.2.9.tgz#f3f7522f4ef782348da8161bad9ecfd51bf83a75"

parse-asn1@^5.0.0:
  version "5.1.0"
  resolved "https://registry.yarnpkg.com/parse-asn1/-/parse-asn1-5.1.0.tgz#37c4f9b7ed3ab65c74817b5f2480937fbf97c712"
  dependencies:
    asn1.js "^4.0.0"
    browserify-aes "^1.0.0"
    create-hash "^1.1.0"
    evp_bytestokey "^1.0.0"
    pbkdf2 "^3.0.3"

path-browserify@0.0.0:
  version "0.0.0"
  resolved "https://registry.yarnpkg.com/path-browserify/-/path-browserify-0.0.0.tgz#a0b870729aae214005b7d5032ec2cbbb0fb4451a"

path-to-regexp@^1.7.0:
  version "1.7.0"
  resolved "https://registry.yarnpkg.com/path-to-regexp/-/path-to-regexp-1.7.0.tgz#59fde0f435badacba103a84e9d3bc64e96b9937d"
  dependencies:
    isarray "0.0.1"

pbkdf2@^3.0.3:
  version "3.0.14"
  resolved "https://registry.yarnpkg.com/pbkdf2/-/pbkdf2-3.0.14.tgz#a35e13c64799b06ce15320f459c230e68e73bade"
  dependencies:
    create-hash "^1.1.2"
    create-hmac "^1.1.4"
    ripemd160 "^2.0.1"
    safe-buffer "^5.0.1"
    sha.js "^2.4.8"

pinkie-promise@^2.0.0:
  version "2.0.1"
  resolved "https://registry.yarnpkg.com/pinkie-promise/-/pinkie-promise-2.0.1.tgz#2135d6dfa7a358c069ac9b178776288228450ffa"
  dependencies:
    pinkie "^2.0.0"

pinkie@^2.0.0:
  version "2.0.4"
  resolved "https://registry.yarnpkg.com/pinkie/-/pinkie-2.0.4.tgz#72556b80cfa0d48a974e80e77248e80ed4f7f870"

postcss-value-parser@^3.3.0:
  version "3.3.0"
  resolved "https://registry.yarnpkg.com/postcss-value-parser/-/postcss-value-parser-3.3.0.tgz#87f38f9f18f774a4ab4c8a232f5c5ce8872a9d15"

process-nextick-args@~2.0.0:
  version "2.0.0"
  resolved "https://registry.yarnpkg.com/process-nextick-args/-/process-nextick-args-2.0.0.tgz#a37d732f4271b4ab1ad070d35508e8290788ffaa"

process@^0.11.9, process@~0.11.0:
  version "0.11.10"
  resolved "https://registry.yarnpkg.com/process/-/process-0.11.10.tgz#7332300e840161bda3e69a1d1d91a7d4bc16f182"

promise@^7.1.1:
  version "7.3.1"
  resolved "https://registry.yarnpkg.com/promise/-/promise-7.3.1.tgz#064b72602b18f90f29192b8b1bc418ffd1ebd3bf"
  dependencies:
    asap "~2.0.3"

prop-types@^15.5.4, prop-types@^15.6.0:
  version "15.6.1"
  resolved "https://registry.yarnpkg.com/prop-types/-/prop-types-15.6.1.tgz#36644453564255ddda391191fb3a125cbdf654ca"
  dependencies:
    fbjs "^0.8.16"
    loose-envify "^1.3.1"
    object-assign "^4.1.1"

public-encrypt@^4.0.0:
  version "4.0.0"
  resolved "https://registry.yarnpkg.com/public-encrypt/-/public-encrypt-4.0.0.tgz#39f699f3a46560dd5ebacbca693caf7c65c18cc6"
  dependencies:
    bn.js "^4.1.0"
    browserify-rsa "^4.0.0"
    create-hash "^1.1.0"
    parse-asn1 "^5.0.0"
    randombytes "^2.0.1"

punycode@1.3.2:
  version "1.3.2"
  resolved "https://registry.yarnpkg.com/punycode/-/punycode-1.3.2.tgz#9653a036fb7c1ee42342f2325cceefea3926c48d"

punycode@^1.4.1:
  version "1.4.1"
  resolved "https://registry.yarnpkg.com/punycode/-/punycode-1.4.1.tgz#c0d5a63b2718800ad8e1eb0fa5269c84dd41845e"

querystring-es3@^0.2.1:
  version "0.2.1"
  resolved "https://registry.yarnpkg.com/querystring-es3/-/querystring-es3-0.2.1.tgz#9ec61f79049875707d69414596fd907a4d711e73"

querystring@0.2.0:
  version "0.2.0"
  resolved "https://registry.yarnpkg.com/querystring/-/querystring-0.2.0.tgz#b209849203bb25df820da756e747005878521620"

ramda@^0.25.0:
  version "0.25.0"
  resolved "https://registry.yarnpkg.com/ramda/-/ramda-0.25.0.tgz#8fdf68231cffa90bc2f9460390a0cb74a29b29a9"

randombytes@^2.0.0, randombytes@^2.0.1, randombytes@^2.0.5:
  version "2.0.6"
  resolved "https://registry.yarnpkg.com/randombytes/-/randombytes-2.0.6.tgz#d302c522948588848a8d300c932b44c24231da80"
  dependencies:
    safe-buffer "^5.1.0"

randomfill@^1.0.3:
  version "1.0.4"
  resolved "https://registry.yarnpkg.com/randomfill/-/randomfill-1.0.4.tgz#c92196fc86ab42be983f1bf31778224931d61458"
  dependencies:
    randombytes "^2.0.5"
    safe-buffer "^5.1.0"

react-apollo@beta:
  version "2.1.0-beta.3"
  resolved "https://registry.yarnpkg.com/react-apollo/-/react-apollo-2.1.0-beta.3.tgz#f24534409d46f9e3fc1b21ced1553940522be869"
  dependencies:
    fbjs "^0.8.16"
    hoist-non-react-statics "^2.3.1"
    invariant "^2.2.2"
    lodash "4.17.5"
    prop-types "^15.6.0"

react-art@^16.2.0:
  version "16.2.0"
  resolved "https://registry.yarnpkg.com/react-art/-/react-art-16.2.0.tgz#3b6914a6c9da64f83910896fa8cdae6ddf2aa589"
  dependencies:
    art "^0.10.1"
    create-react-class "^15.6.2"
    fbjs "^0.8.16"
    loose-envify "^1.1.0"
    object-assign "^4.1.1"
    prop-types "^15.6.0"

react-dom@^16.2.0:
  version "16.2.0"
  resolved "https://registry.yarnpkg.com/react-dom/-/react-dom-16.2.0.tgz#69003178601c0ca19b709b33a83369fe6124c044"
  dependencies:
    fbjs "^0.8.16"
    loose-envify "^1.1.0"
    object-assign "^4.1.1"
    prop-types "^15.6.0"

react-native-web@^0.5.1:
  version "0.5.3"
  resolved "https://registry.yarnpkg.com/react-native-web/-/react-native-web-0.5.3.tgz#1c977e28b0a22006838bf08d361f664935c180ed"
  dependencies:
    array-find-index "^1.0.2"
    create-react-class "^15.6.2"
    debounce "^1.1.0"
    deep-assign "^2.0.0"
    fbjs "^0.8.16"
    hyphenate-style-name "^1.0.2"
    inline-style-prefixer "^4.0.0"
    normalize-css-color "^1.0.2"
    prop-types "^15.6.0"
    react-art "^16.2.0"
    react-timer-mixin "^0.13.3"

react-router-dom@^4.2.2:
  version "4.2.2"
  resolved "https://registry.yarnpkg.com/react-router-dom/-/react-router-dom-4.2.2.tgz#c8a81df3adc58bba8a76782e946cbd4eae649b8d"
  dependencies:
    history "^4.7.2"
    invariant "^2.2.2"
    loose-envify "^1.3.1"
    prop-types "^15.5.4"
    react-router "^4.2.0"
    warning "^3.0.0"

react-router@^4.2.0:
  version "4.2.0"
  resolved "https://registry.yarnpkg.com/react-router/-/react-router-4.2.0.tgz#61f7b3e3770daeb24062dae3eedef1b054155986"
  dependencies:
    history "^4.7.2"
    hoist-non-react-statics "^2.3.0"
    invariant "^2.2.2"
    loose-envify "^1.3.1"
    path-to-regexp "^1.7.0"
    prop-types "^15.5.4"
    warning "^3.0.0"

react-timer-mixin@^0.13.3:
  version "0.13.3"
  resolved "https://registry.yarnpkg.com/react-timer-mixin/-/react-timer-mixin-0.13.3.tgz#0da8b9f807ec07dc3e854d082c737c65605b3d22"

react@^16.2.0:
  version "16.2.0"
  resolved "https://registry.yarnpkg.com/react/-/react-16.2.0.tgz#a31bd2dab89bff65d42134fa187f24d054c273ba"
  dependencies:
    fbjs "^0.8.16"
    loose-envify "^1.1.0"
    object-assign "^4.1.1"
    prop-types "^15.6.0"

readable-stream@^2.0.2, readable-stream@^2.3.3, "readable-stream@git+https://github.com/meteor/readable-stream.git":
  version "2.3.5"
  resolved "git+https://github.com/meteor/readable-stream.git#c688cdd193549919b840e8d72a86682d91961e12"
  dependencies:
    inherits "~2.0.3"
    isarray "~1.0.0"
    process-nextick-args "~2.0.0"
    safe-buffer "~5.1.1"
    string_decoder "~1.1.0"
    util-deprecate "~1.0.1"

regenerator-runtime@^0.10.0:
  version "0.10.5"
  resolved "https://registry.yarnpkg.com/regenerator-runtime/-/regenerator-runtime-0.10.5.tgz#336c3efc1220adcedda2c9fab67b5a7955a33658"

regenerator-runtime@^0.11.0, regenerator-runtime@^0.11.1:
  version "0.11.1"
  resolved "https://registry.yarnpkg.com/regenerator-runtime/-/regenerator-runtime-0.11.1.tgz#be05ad7f9bf7d22e056f9726cee5017fbf19e2e9"

resolve-pathname@^2.2.0:
  version "2.2.0"
  resolved "https://registry.yarnpkg.com/resolve-pathname/-/resolve-pathname-2.2.0.tgz#7e9ae21ed815fd63ab189adeee64dc831eefa879"

restore-cursor@^2.0.0:
  version "2.0.0"
  resolved "https://registry.yarnpkg.com/restore-cursor/-/restore-cursor-2.0.0.tgz#9f7ee287f82fd326d4fd162923d62129eee0dfaf"
  dependencies:
    onetime "^2.0.0"
    signal-exit "^3.0.2"

ripemd160@^2.0.0, ripemd160@^2.0.1:
  version "2.0.1"
  resolved "https://registry.yarnpkg.com/ripemd160/-/ripemd160-2.0.1.tgz#0f4584295c53a3628af7e6d79aca21ce57d1c6e7"
  dependencies:
    hash-base "^2.0.0"
    inherits "^2.0.1"

run-async@^2.2.0:
  version "2.3.0"
  resolved "https://registry.yarnpkg.com/run-async/-/run-async-2.3.0.tgz#0371ab4ae0bdd720d4166d7dfda64ff7a445a6c0"
  dependencies:
    is-promise "^2.1.0"

rx@^4.1.0:
  version "4.1.0"
  resolved "https://registry.yarnpkg.com/rx/-/rx-4.1.0.tgz#a5f13ff79ef3b740fe30aa803fb09f98805d4782"

safe-buffer@^5.0.1, safe-buffer@^5.1.0, safe-buffer@^5.1.1, safe-buffer@~5.1.0, safe-buffer@~5.1.1:
  version "5.1.1"
  resolved "https://registry.yarnpkg.com/safe-buffer/-/safe-buffer-5.1.1.tgz#893312af69b2123def71f57889001671eeb2c853"

setimmediate@^1.0.5:
  version "1.0.5"
  resolved "https://registry.yarnpkg.com/setimmediate/-/setimmediate-1.0.5.tgz#290cbb232e306942d7d7ea9b83732ab7856f8285"

sha.js@^2.4.0, sha.js@^2.4.8:
  version "2.4.11"
  resolved "https://registry.yarnpkg.com/sha.js/-/sha.js-2.4.11.tgz#37a5cf0b81ecbc6943de109ba2960d1b26584ae7"
  dependencies:
    inherits "^2.0.1"
    safe-buffer "^5.0.1"

signal-exit@^3.0.2:
  version "3.0.2"
  resolved "https://registry.yarnpkg.com/signal-exit/-/signal-exit-3.0.2.tgz#b5fdc08f1287ea1178628e415e25132b73646c6d"

simple-markdown@^0.3.3:
  version "0.3.3"
  resolved "https://registry.yarnpkg.com/simple-markdown/-/simple-markdown-0.3.3.tgz#a2c50114aa0aa9794cf30fb91b57965599b3ff00"

stream-browserify@^2.0.1:
  version "2.0.1"
  resolved "https://registry.yarnpkg.com/stream-browserify/-/stream-browserify-2.0.1.tgz#66266ee5f9bdb9940a4e4514cafb43bb71e5c9db"
  dependencies:
    inherits "~2.0.1"
    readable-stream "^2.0.2"

stream-http@^2.8.0:
  version "2.8.1"
  resolved "https://registry.yarnpkg.com/stream-http/-/stream-http-2.8.1.tgz#d0441be1a457a73a733a8a7b53570bebd9ef66a4"
  dependencies:
    builtin-status-codes "^3.0.0"
    inherits "^2.0.1"
    readable-stream "^2.3.3"
    to-arraybuffer "^1.0.0"
    xtend "^4.0.0"

string-width@^2.0.0:
  version "2.1.1"
  resolved "https://registry.yarnpkg.com/string-width/-/string-width-2.1.1.tgz#ab93f27a8dc13d28cac815c462143a6d9012ae9e"
  dependencies:
    is-fullwidth-code-point "^2.0.0"
    strip-ansi "^4.0.0"

string_decoder@^1.1.0, string_decoder@~1.1.0:
  version "1.1.0"
  resolved "https://registry.yarnpkg.com/string_decoder/-/string_decoder-1.1.0.tgz#384f322ee8a848e500effde99901bba849c5d403"
  dependencies:
    safe-buffer "~5.1.0"

strip-ansi@^3.0.0:
  version "3.0.1"
  resolved "https://registry.yarnpkg.com/strip-ansi/-/strip-ansi-3.0.1.tgz#6a385fb8853d952d5ff05d0e8aaf94278dc63dcf"
  dependencies:
    ansi-regex "^2.0.0"

strip-ansi@^4.0.0:
  version "4.0.0"
  resolved "https://registry.yarnpkg.com/strip-ansi/-/strip-ansi-4.0.0.tgz#a8479022eb1ac368a871389b635262c505ee368f"
  dependencies:
    ansi-regex "^3.0.0"

styled-components@^3.2.3:
  version "3.2.3"
  resolved "https://registry.yarnpkg.com/styled-components/-/styled-components-3.2.3.tgz#50f71207320eeb1ef539dec4637f21f5e3c936b4"
  dependencies:
    buffer "^5.0.3"
    css-to-react-native "^2.0.3"
    fbjs "^0.8.9"
    hoist-non-react-statics "^1.2.0"
    is-plain-object "^2.0.1"
    opencollective "^1.0.3"
    prop-types "^15.5.4"
    stylis "^3.5.0"
    stylis-rule-sheet "^0.0.10"
    supports-color "^3.2.3"

stylis-rule-sheet@^0.0.10:
  version "0.0.10"
  resolved "https://registry.yarnpkg.com/stylis-rule-sheet/-/stylis-rule-sheet-0.0.10.tgz#44e64a2b076643f4b52e5ff71efc04d8c3c4a430"

stylis@^3.5.0:
  version "3.5.0"
  resolved "https://registry.yarnpkg.com/stylis/-/stylis-3.5.0.tgz#016fa239663d77f868fef5b67cf201c4b7c701e1"

supports-color@^2.0.0:
  version "2.0.0"
  resolved "https://registry.yarnpkg.com/supports-color/-/supports-color-2.0.0.tgz#535d045ce6b6363fa40117084629995e9df324c7"

supports-color@^3.2.3:
  version "3.2.3"
  resolved "https://registry.yarnpkg.com/supports-color/-/supports-color-3.2.3.tgz#65ac0504b3954171d8a64946b2ae3cbb8a5f54f6"
  dependencies:
    has-flag "^1.0.0"

symbol-observable@^1.0.2:
  version "1.2.0"
  resolved "https://registry.yarnpkg.com/symbol-observable/-/symbol-observable-1.2.0.tgz#c22688aed4eab3cdc2dfeacbb561660560a00804"

through@^2.3.6:
  version "2.3.8"
  resolved "https://registry.yarnpkg.com/through/-/through-2.3.8.tgz#0dd4c9ffaabc357960b1b724115d7e0e86a2e1f5"

timers-browserify@^1.4.2:
  version "1.4.2"
  resolved "https://registry.yarnpkg.com/timers-browserify/-/timers-browserify-1.4.2.tgz#c9c58b575be8407375cb5e2462dacee74359f41d"
  dependencies:
    process "~0.11.0"

tmp@^0.0.33:
  version "0.0.33"
  resolved "https://registry.yarnpkg.com/tmp/-/tmp-0.0.33.tgz#6d34335889768d21b2bcda0aa277ced3b1bfadf9"
  dependencies:
    os-tmpdir "~1.0.2"

to-arraybuffer@^1.0.0:
  version "1.0.1"
  resolved "https://registry.yarnpkg.com/to-arraybuffer/-/to-arraybuffer-1.0.1.tgz#7d229b1fcc637e466ca081180836a7aabff83f43"

tty-browserify@0.0.0:
  version "0.0.0"
  resolved "https://registry.yarnpkg.com/tty-browserify/-/tty-browserify-0.0.0.tgz#a157ba402da24e9bf957f9aa69d524eed42901a6"

ua-parser-js@^0.7.9:
  version "0.7.17"
  resolved "https://registry.yarnpkg.com/ua-parser-js/-/ua-parser-js-0.7.17.tgz#e9ec5f9498b9ec910e7ae3ac626a805c4d09ecac"

url@^0.11.0:
  version "0.11.0"
  resolved "https://registry.yarnpkg.com/url/-/url-0.11.0.tgz#3838e97cfc60521eb73c525a8e55bfdd9e2e28f1"
  dependencies:
    punycode "1.3.2"
    querystring "0.2.0"

util-deprecate@~1.0.1:
  version "1.0.2"
  resolved "https://registry.yarnpkg.com/util-deprecate/-/util-deprecate-1.0.2.tgz#450d4dc9fa70de732762fbd2d4a28981419a0ccf"

util@0.10.3, util@^0.10.3:
  version "0.10.3"
  resolved "https://registry.yarnpkg.com/util/-/util-0.10.3.tgz#7afb1afe50805246489e3db7fe0ed379336ac0f9"
  dependencies:
    inherits "2.0.1"

value-equal@^0.4.0:
  version "0.4.0"
  resolved "https://registry.yarnpkg.com/value-equal/-/value-equal-0.4.0.tgz#c5bdd2f54ee093c04839d71ce2e4758a6890abc7"

vm-browserify@0.0.4:
  version "0.0.4"
  resolved "https://registry.yarnpkg.com/vm-browserify/-/vm-browserify-0.0.4.tgz#5d7ea45bbef9e4a6ff65f95438e0a87c357d5a73"
  dependencies:
    indexof "0.0.1"

warning@^3.0.0:
  version "3.0.0"
  resolved "https://registry.yarnpkg.com/warning/-/warning-3.0.0.tgz#32e5377cb572de4ab04753bdf8821c01ed605b7c"
  dependencies:
    loose-envify "^1.0.0"

whatwg-fetch@>=0.10.0:
  version "2.0.3"
  resolved "https://registry.yarnpkg.com/whatwg-fetch/-/whatwg-fetch-2.0.3.tgz#9c84ec2dcf68187ff00bc64e1274b442176e1c84"

xtend@^4.0.0:
  version "4.0.1"
  resolved "https://registry.yarnpkg.com/xtend/-/xtend-4.0.1.tgz#a5c6d532be656e23db820efb943a1f04998d63af"

zen-observable-ts@^0.8.6:
  version "0.8.8"
  resolved "https://registry.yarnpkg.com/zen-observable-ts/-/zen-observable-ts-0.8.8.tgz#1a586dc204fa5632a88057f879500e0d2ba06869"
  dependencies:
    zen-observable "^0.7.0"

zen-observable@^0.7.0:
  version "0.7.1"
  resolved "https://registry.yarnpkg.com/zen-observable/-/zen-observable-0.7.1.tgz#f84075c0ee085594d3566e1d6454207f126411b3"
